
Microsoft Visual Studio Solution File, Format Version 12.00
# Visual Studio Version 17
VisualStudioVersion = 17.14.36414.22
MinimumVisualStudioVersion = 10.0.40219.1
Project("{FAE04EC0-301F-11D3-BF4B-00C04F79EFBC}") = "Variables", "Variables\Variables.csproj", "{9E801D7B-F09D-4320-BD98-9BEE932D54B5}"
EndProject
Project("{FAE04EC0-301F-11D3-BF4B-00C04F79EFBC}") = "Loops", "Loops\Loops.csproj", "{7D589A17-4179-45DB-80D1-069DC966455A}"
EndProject
Project("{FAE04EC0-301F-11D3-BF4B-00C04F79EFBC}") = "Functions", "Functions\Functions.csproj", "{C50E3CC2-773B-4E20-A266-FDF1615EFAC1}"
EndProject
Project("{FAE04EC0-301F-11D3-BF4B-00C04F79EFBC}") = "PreparatoryLabb1", "PreparatoryLabb1\PreparatoryLabb1.csproj", "{D0F9DDEA-98E1-4F0F-BE32-BE99F35F10AF}"
EndProject
Project("{FAE04EC0-301F-11D3-BF4B-00C04F79EFBC}") = "Indexing", "Indexing\Indexing.csproj", "{9969227A-D703-44CA-98A7-E3D97BD4A030}"
EndProject
Project("{FAE04EC0-301F-11D3-BF4B-00C04F79EFBC}") = "ProjectEuler8", "ProjectEuler8\ProjectEuler8.csproj", "{CEC51793-B808-46EA-9777-43AB52CFC64B}"
EndProject
Project("{FAE04EC0-301F-11D3-BF4B-00C04F79EFBC}") = "Properties", "Properties\Properties.csproj", "{FEC2138B-D66A-43EE-94B2-3404D9AFD244}"
EndProject
Project("{FAE04EC0-301F-11D3-BF4B-00C04F79EFBC}") = "Inheritence", "Inheritence\Inheritence.csproj", "{8B548509-7A33-4DC3-A469-CA9EBB2F68FD}"
EndProject
Project("{FAE04EC0-301F-11D3-BF4B-00C04F79EFBC}") = "Delegates", "Delegates\Delegates.csproj", "{8BC81DB9-1430-4FDE-85F6-7FB172E22686}"
EndProject
Global
	GlobalSection(SolutionConfigurationPlatforms) = preSolution
		Debug|Any CPU = Debug|Any CPU
		Release|Any CPU = Release|Any CPU
	EndGlobalSection
	GlobalSection(ProjectConfigurationPlatforms) = postSolution
		{9E801D7B-F09D-4320-BD98-9BEE932D54B5}.Debug|Any CPU.ActiveCfg = Debug|Any CPU
		{9E801D7B-F09D-4320-BD98-9BEE932D54B5}.Debug|Any CPU.Build.0 = Debug|Any CPU
		{9E801D7B-F09D-4320-BD98-9BEE932D54B5}.Release|Any CPU.ActiveCfg = Release|Any CPU
		{9E801D7B-F09D-4320-BD98-9BEE932D54B5}.Release|Any CPU.Build.0 = Release|Any CPU
		{7D589A17-4179-45DB-80D1-069DC966455A}.Debug|Any CPU.ActiveCfg = Debug|Any CPU
		{7D589A17-4179-45DB-80D1-069DC966455A}.Debug|Any CPU.Build.0 = Debug|Any CPU
		{7D589A17-4179-45DB-80D1-069DC966455A}.Release|Any CPU.ActiveCfg = Release|Any CPU
		{7D589A17-4179-45DB-80D1-069DC966455A}.Release|Any CPU.Build.0 = Release|Any CPU
		{C50E3CC2-773B-4E20-A266-FDF1615EFAC1}.Debug|Any CPU.ActiveCfg = Debug|Any CPU
		{C50E3CC2-773B-4E20-A266-FDF1615EFAC1}.Debug|Any CPU.Build.0 = Debug|Any CPU
		{C50E3CC2-773B-4E20-A266-FDF1615EFAC1}.Release|Any CPU.ActiveCfg = Release|Any CPU
		{C50E3CC2-773B-4E20-A266-FDF1615EFAC1}.Release|Any CPU.Build.0 = Release|Any CPU
		{D0F9DDEA-98E1-4F0F-BE32-BE99F35F10AF}.Debug|Any CPU.ActiveCfg = Debug|Any CPU
		{D0F9DDEA-98E1-4F0F-BE32-BE99F35F10AF}.Debug|Any CPU.Build.0 = Debug|Any CPU
		{D0F9DDEA-98E1-4F0F-BE32-BE99F35F10AF}.Release|Any CPU.ActiveCfg = Release|Any CPU
		{D0F9DDEA-98E1-4F0F-BE32-BE99F35F10AF}.Release|Any CPU.Build.0 = Release|Any CPU
		{9969227A-D703-44CA-98A7-E3D97BD4A030}.Debug|Any CPU.ActiveCfg = Debug|Any CPU
		{9969227A-D703-44CA-98A7-E3D97BD4A030}.Debug|Any CPU.Build.0 = Debug|Any CPU
		{9969227A-D703-44CA-98A7-E3D97BD4A030}.Release|Any CPU.ActiveCfg = Release|Any CPU
		{9969227A-D703-44CA-98A7-E3D97BD4A030}.Release|Any CPU.Build.0 = Release|Any CPU
		{CEC51793-B808-46EA-9777-43AB52CFC64B}.Debug|Any CPU.ActiveCfg = Debug|Any CPU
		{CEC51793-B808-46EA-9777-43AB52CFC64B}.Debug|Any CPU.Build.0 = Debug|Any CPU
		{CEC51793-B808-46EA-9777-43AB52CFC64B}.Release|Any CPU.ActiveCfg = Release|Any CPU
		{CEC51793-B808-46EA-9777-43AB52CFC64B}.Release|Any CPU.Build.0 = Release|Any CPU
		{FEC2138B-D66A-43EE-94B2-3404D9AFD244}.Debug|Any CPU.ActiveCfg = Debug|Any CPU
		{FEC2138B-D66A-43EE-94B2-3404D9AFD244}.Debug|Any CPU.Build.0 = Debug|Any CPU
		{FEC2138B-D66A-43EE-94B2-3404D9AFD244}.Release|Any CPU.ActiveCfg = Release|Any CPU
		{FEC2138B-D66A-43EE-94B2-3404D9AFD244}.Release|Any CPU.Build.0 = Release|Any CPU
		{8B548509-7A33-4DC3-A469-CA9EBB2F68FD}.Debug|Any CPU.ActiveCfg = Debug|Any CPU
		{8B548509-7A33-4DC3-A469-CA9EBB2F68FD}.Debug|Any CPU.Build.0 = Debug|Any CPU
		{8B548509-7A33-4DC3-A469-CA9EBB2F68FD}.Release|Any CPU.ActiveCfg = Release|Any CPU
		{8B548509-7A33-4DC3-A469-CA9EBB2F68FD}.Release|Any CPU.Build.0 = Release|Any CPU
		{8BC81DB9-1430-4FDE-85F6-7FB172E22686}.Debug|Any CPU.ActiveCfg = Debug|Any CPU
		{8BC81DB9-1430-4FDE-85F6-7FB172E22686}.Debug|Any CPU.Build.0 = Debug|Any CPU
		{8BC81DB9-1430-4FDE-85F6-7FB172E22686}.Release|Any CPU.ActiveCfg = Release|Any CPU
		{8BC81DB9-1430-4FDE-85F6-7FB172E22686}.Release|Any CPU.Build.0 = Release|Any CPU
	EndGlobalSection
	GlobalSection(SolutionProperties) = preSolution
		HideSolutionNode = FALSE
	EndGlobalSection
	GlobalSection(ExtensibilityGlobals) = postSolution
		SolutionGuid = {D0C84B32-ABFE-4D86-855E-1694745E9E18}
	EndGlobalSection
EndGlobal
