
Microsoft Visual Studio Solution File, Format Version 12.00
# Visual Studio Version 17
VisualStudioVersion = 17.14.36414.22
MinimumVisualStudioVersion = 10.0.40219.1
Project("{FAE04EC0-301F-11D3-BF4B-00C04F79EFBC}") = "Variables", "Variables\Variables.csproj", "{9E801D7B-F09D-4320-BD98-9BEE932D54B5}"
EndProject
Project("{FAE04EC0-301F-11D3-BF4B-00C04F79EFBC}") = "Loops", "Loops\Loops.csproj", "{7D589A17-4179-45DB-80D1-069DC966455A}"
EndProject
Project("{FAE04EC0-301F-11D3-BF4B-00C04F79EFBC}") = "Indexing", "Indexing\Indexing.csproj", "{9969227A-D703-44CA-98A7-E3D97BD4A030}"
EndProject
Global
	GlobalSection(SolutionConfigurationPlatforms) = preSolution
		Debug|Any CPU = Debug|Any CPU
		Release|Any CPU = Release|Any CPU
	EndGlobalSection
	GlobalSection(ProjectConfigurationPlatforms) = postSolution
		{9E801D7B-F09D-4320-BD98-9BEE932D54B5}.Debug|Any CPU.ActiveCfg = Debug|Any CPU
		{9E801D7B-F09D-4320-BD98-9BEE932D54B5}.Debug|Any CPU.Build.0 = Debug|Any CPU
		{9E801D7B-F09D-4320-BD98-9BEE932D54B5}.Release|Any CPU.ActiveCfg = Release|Any CPU
		{9E801D7B-F09D-4320-BD98-9BEE932D54B5}.Release|Any CPU.Build.0 = Release|Any CPU
		{7D589A17-4179-45DB-80D1-069DC966455A}.Debug|Any CPU.ActiveCfg = Debug|Any CPU
		{7D589A17-4179-45DB-80D1-069DC966455A}.Debug|Any CPU.Build.0 = Debug|Any CPU
		{7D589A17-4179-45DB-80D1-069DC966455A}.Release|Any CPU.ActiveCfg = Release|Any CPU
		{7D589A17-4179-45DB-80D1-069DC966455A}.Release|Any CPU.Build.0 = Release|Any CPU
		{9969227A-D703-44CA-98A7-E3D97BD4A030}.Debug|Any CPU.ActiveCfg = Debug|Any CPU
		{9969227A-D703-44CA-98A7-E3D97BD4A030}.Debug|Any CPU.Build.0 = Debug|Any CPU
		{9969227A-D703-44CA-98A7-E3D97BD4A030}.Release|Any CPU.ActiveCfg = Release|Any CPU
		{9969227A-D703-44CA-98A7-E3D97BD4A030}.Release|Any CPU.Build.0 = Release|Any CPU
	EndGlobalSection
	GlobalSection(SolutionProperties) = preSolution
		HideSolutionNode = FALSE
	EndGlobalSection
	GlobalSection(ExtensibilityGlobals) = postSolution
		SolutionGuid = {D0C84B32-ABFE-4D86-855E-1694745E9E18}
	EndGlobalSection
EndGlobal
