Microsoft Visual Studio Solution File, Format Version 12.00
# Visual Studio Version 17
VisualStudioVersion = 17.5.2.0
MinimumVisualStudioVersion = 10.0.40219.1
Project("{FAE04EC0-301F-11D3-BF4B-00C04F79EFBC}") = "PreparatoryLabb1", "PreparatoryLabb1.csproj", "{C241BC97-C4FB-A3A0-5DF0-6DCD9A0453E5}"
EndProject
Global
	GlobalSection(SolutionConfigurationPlatforms) = preSolution
		Debug|Any CPU = Debug|Any CPU
		Release|Any CPU = Release|Any CPU
	EndGlobalSection
	GlobalSection(ProjectConfigurationPlatforms) = postSolution
		{C241BC97-C4FB-A3A0-5DF0-6DCD9A0453E5}.Debug|Any CPU.ActiveCfg = Debug|Any CPU
		{C241BC97-C4FB-A3A0-5DF0-6DCD9A0453E5}.Debug|Any CPU.Build.0 = Debug|Any CPU
		{C241BC97-C4FB-A3A0-5DF0-6DCD9A0453E5}.Release|Any CPU.ActiveCfg = Release|Any CPU
		{C241BC97-C4FB-A3A0-5DF0-6DCD9A0453E5}.Release|Any CPU.Build.0 = Release|Any CPU
	EndGlobalSection
	GlobalSection(SolutionProperties) = preSolution
		HideSolutionNode = FALSE
	EndGlobalSection
	GlobalSection(ExtensibilityGlobals) = postSolution
		SolutionGuid = {33D350CD-0EEB-4C3C-9E54-703D4C2AD51F}
	EndGlobalSection
EndGlobal
